# THIS IS AN AUTOGENERATED FILE. DO NOT EDIT THIS FILE DIRECTLY.
# yarn lockfile v1


"@types/node@^14.14.37":
  version "14.18.32"
  resolved "https://registry.yarnpkg.com/@types/node/-/node-14.18.32.tgz#8074f7106731f1a12ba993fe8bad86ee73905014"
  integrity sha512-Y6S38pFr04yb13qqHf8uk1nHE3lXgQ30WZbv1mLliV9pt0NjvqdWttLcrOYLnXbOafknVYRHZGoMSpR9UwfYow==

typescript@^4.0.0:
  version "4.8.4"
  resolved "https://registry.yarnpkg.com/typescript/-/typescript-4.8.4.tgz#c464abca159669597be5f96b8943500b238e60e6"
  integrity sha512-QCh+85mCy+h0IGff8r5XWzOVSbBO+KfeYrMQh7NJ58QujwcE22u+NUSmUxqF+un70P9GXKxa2HCNiTTMJknyjQ==
